schema = 1

[packs]
[packs."https://github.com/gastownhall/gascity-packs/tree/main/gastown"]
version = "sha:33d3a430a67d1782ad364556cb566bdb01d0afe3"
commit = "33d3a430a67d1782ad364556cb566bdb01d0afe3"

[packs."https://github.com/gastownhall/gascity.git//internal/bootstrap/packs/core"]
version = "sha:e38ce9cc55d15fa351199c042f0d07aba1a347af"
commit = "e38ce9cc55d15fa351199c042f0d07aba1a347af"

[packs."https://github.com/gastownhall/gascity.git//examples/bd"]
version = "sha:e38ce9cc55d15fa351199c042f0d07aba1a347af"
commit = "e38ce9cc55d15fa351199c042f0d07aba1a347af"
