schema = 1

[packs]
[packs."https://github.com/gastownhall/gascity.git//internal/bootstrap/packs/core"]
version = "sha:e38ce9cc55d15fa351199c042f0d07aba1a347af"
commit = "e38ce9cc55d15fa351199c042f0d07aba1a347af"

[packs."https://github.com/gastownhall/gascity.git//examples/bd"]
version = "sha:e38ce9cc55d15fa351199c042f0d07aba1a347af"
commit = "e38ce9cc55d15fa351199c042f0d07aba1a347af"
